{
  "version": 4,
  "terraform_version": "0.14.8",
  "serial": 4,
  "lineage": "4c34180d-5255-3418-dd72-d40e51a6835b",
  "outputs": {
    "gcp_image": {
      "value": {
        "archive_size_bytes": 1784276544,
        "creation_timestamp": "2021-04-15T23:01:03.699-07:00",
        "description": "Canonical, Ubuntu, 20.04 LTS Minimal, amd64 focal minimal image built on 2021-04-16, supports Shielded VM features",
        "disk_size_gb": 10,
        "family": "ubuntu-minimal-2004-lts",
        "filter": null,
        "id": "projects/ubuntu-os-cloud/global/images/ubuntu-minimal-2004-focal-v20210416",
        "image_encryption_key_sha256": "",
        "image_id": "6628262287672383216",
        "label_fingerprint": "42WmSpB8rSM=",
        "labels": {},
        "licenses": [
          "https://www.googleapis.com/compute/v1/projects/ubuntu-os-cloud/global/licenses/ubuntu-minimal-2004-lts"
        ],
        "name": "ubuntu-minimal-2004-focal-v20210416",
        "project": "ubuntu-os-cloud",
        "self_link": "https://www.googleapis.com/compute/v1/projects/ubuntu-os-cloud/global/images/ubuntu-minimal-2004-focal-v20210416",
        "source_disk": "",
        "source_disk_encryption_key_sha256": "",
        "source_disk_id": "",
        "source_image_id": "",
        "status": "READY"
      },
      "type": [
        "object",
        {
          "archive_size_bytes": "number",
          "creation_timestamp": "string",
          "description": "string",
          "disk_size_gb": "number",
          "family": "string",
          "filter": "string",
          "id": "string",
          "image_encryption_key_sha256": "string",
          "image_id": "string",
          "label_fingerprint": "string",
          "labels": [
            "map",
            "string"
          ],
          "licenses": [
            "list",
            "string"
          ],
          "name": "string",
          "project": "string",
          "self_link": "string",
          "source_disk": "string",
          "source_disk_encryption_key_sha256": "string",
          "source_disk_id": "string",
          "source_image_id": "string",
          "status": "string"
        }
      ]
    },
    "jenkins-server": {
      "value": {
        "allow_stopping_for_update": null,
        "attached_disk": [],
        "boot_disk": [
          {
            "auto_delete": true,
            "device_name": "persistent-disk-0",
            "disk_encryption_key_raw": "",
            "disk_encryption_key_sha256": "",
            "initialize_params": [
              {
                "image": "https://www.googleapis.com/compute/v1/projects/ubuntu-os-cloud/global/images/ubuntu-minimal-2004-focal-v20210416",
                "labels": {},
                "size": 10,
                "type": "pd-standard"
              }
            ],
            "kms_key_self_link": "",
            "mode": "READ_WRITE",
            "source": "https://www.googleapis.com/compute/v1/projects/diego-impacta-turma4/zones/us-central1-a/disks/webserver-server"
          }
        ],
        "can_ip_forward": false,
        "confidential_instance_config": [],
        "cpu_platform": "AMD Rome",
        "current_status": "RUNNING",
        "deletion_protection": false,
        "description": "",
        "desired_status": null,
        "enable_display": false,
        "guest_accelerator": [],
        "hostname": "webserver.impacta.com.br",
        "id": "projects/diego-impacta-turma4/zones/us-central1-a/instances/webserver-server",
        "instance_id": "1391255586718787146",
        "label_fingerprint": "0OMfs-n56IM=",
        "labels": {
          "name": "webserver-server",
          "project": "webserver"
        },
        "machine_type": "e2-medium",
        "metadata": null,
        "metadata_fingerprint": "3YtF3ClpD0M=",
        "metadata_startup_script": "apt update\napt install -y nginx\nsystemctl start nginx\nsystemct enable nginx\necho \"\u003ch1\u003e Impacta Turma 04 - Infraestrutura as a Code\u003c/h1\u003e\" \u003e /var/www/html/index.nginx-debian.html\n$ gcloud compute instances list\n$ gcloud compute ssh\n",
        "min_cpu_platform": "",
        "name": "webserver-server",
        "network_interface": [
          {
            "access_config": [
              {
                "nat_ip": "35.238.231.68",
                "network_tier": "PREMIUM",
                "public_ptr_domain_name": ""
              }
            ],
            "alias_ip_range": [],
            "name": "nic0",
            "network": "https://www.googleapis.com/compute/v1/projects/diego-impacta-turma4/global/networks/default",
            "network_ip": "10.128.0.2",
            "nic_type": "",
            "subnetwork": "https://www.googleapis.com/compute/v1/projects/diego-impacta-turma4/regions/us-central1/subnetworks/default",
            "subnetwork_project": "diego-impacta-turma4"
          }
        ],
        "project": "diego-impacta-turma4",
        "resource_policies": null,
        "scheduling": [
          {
            "automatic_restart": true,
            "min_node_cpus": 0,
            "node_affinities": [],
            "on_host_maintenance": "MIGRATE",
            "preemptible": false
          }
        ],
        "scratch_disk": [],
        "self_link": "https://www.googleapis.com/compute/v1/projects/diego-impacta-turma4/zones/us-central1-a/instances/webserver-server",
        "service_account": [],
        "shielded_instance_config": [
          {
            "enable_integrity_monitoring": true,
            "enable_secure_boot": false,
            "enable_vtpm": true
          }
        ],
        "tags": null,
        "tags_fingerprint": "42WmSpB8rSM=",
        "timeouts": null,
        "zone": "us-central1-a"
      },
      "type": [
        "object",
        {
          "allow_stopping_for_update": "bool",
          "attached_disk": [
            "list",
            [
              "object",
              {
                "device_name": "string",
                "disk_encryption_key_raw": "string",
                "disk_encryption_key_sha256": "string",
                "kms_key_self_link": "string",
                "mode": "string",
                "source": "string"
              }
            ]
          ],
          "boot_disk": [
            "list",
            [
              "object",
              {
                "auto_delete": "bool",
                "device_name": "string",
                "disk_encryption_key_raw": "string",
                "disk_encryption_key_sha256": "string",
                "initialize_params": [
                  "list",
                  [
                    "object",
                    {
                      "image": "string",
                      "labels": [
                        "map",
                        "string"
                      ],
                      "size": "number",
                      "type": "string"
                    }
                  ]
                ],
                "kms_key_self_link": "string",
                "mode": "string",
                "source": "string"
              }
            ]
          ],
          "can_ip_forward": "bool",
          "confidential_instance_config": [
            "list",
            [
              "object",
              {
                "enable_confidential_compute": "bool"
              }
            ]
          ],
          "cpu_platform": "string",
          "current_status": "string",
          "deletion_protection": "bool",
          "description": "string",
          "desired_status": "string",
          "enable_display": "bool",
          "guest_accelerator": [
            "list",
            [
              "object",
              {
                "count": "number",
                "type": "string"
              }
            ]
          ],
          "hostname": "string",
          "id": "string",
          "instance_id": "string",
          "label_fingerprint": "string",
          "labels": [
            "map",
            "string"
          ],
          "machine_type": "string",
          "metadata": [
            "map",
            "string"
          ],
          "metadata_fingerprint": "string",
          "metadata_startup_script": "string",
          "min_cpu_platform": "string",
          "name": "string",
          "network_interface": [
            "list",
            [
              "object",
              {
                "access_config": [
                  "list",
                  [
                    "object",
                    {
                      "nat_ip": "string",
                      "network_tier": "string",
                      "public_ptr_domain_name": "string"
                    }
                  ]
                ],
                "alias_ip_range": [
                  "list",
                  [
                    "object",
                    {
                      "ip_cidr_range": "string",
                      "subnetwork_range_name": "string"
                    }
                  ]
                ],
                "name": "string",
                "network": "string",
                "network_ip": "string",
                "nic_type": "string",
                "subnetwork": "string",
                "subnetwork_project": "string"
              }
            ]
          ],
          "project": "string",
          "resource_policies": [
            "list",
            "string"
          ],
          "scheduling": [
            "list",
            [
              "object",
              {
                "automatic_restart": "bool",
                "min_node_cpus": "number",
                "node_affinities": [
                  "set",
                  [
                    "object",
                    {
                      "key": "string",
                      "operator": "string",
                      "values": [
                        "set",
                        "string"
                      ]
                    }
                  ]
                ],
                "on_host_maintenance": "string",
                "preemptible": "bool"
              }
            ]
          ],
          "scratch_disk": [
            "list",
            [
              "object",
              {
                "interface": "string"
              }
            ]
          ],
          "self_link": "string",
          "service_account": [
            "list",
            [
              "object",
              {
                "email": "string",
                "scopes": [
                  "set",
                  "string"
                ]
              }
            ]
          ],
          "shielded_instance_config": [
            "list",
            [
              "object",
              {
                "enable_integrity_monitoring": "bool",
                "enable_secure_boot": "bool",
                "enable_vtpm": "bool"
              }
            ]
          ],
          "tags": [
            "set",
            "string"
          ],
          "tags_fingerprint": "string",
          "timeouts": [
            "object",
            {
              "create": "string",
              "delete": "string",
              "update": "string"
            }
          ],
          "zone": "string"
        }
      ]
    }
  },
  "resources": [
    {
      "mode": "data",
      "type": "google_compute_image",
      "name": "webserver_image",
      "provider": "provider[\"registry.terraform.io/hashicorp/google\"]",
      "instances": [
        {
          "schema_version": 0,
          "attributes": {
            "archive_size_bytes": 1784276544,
            "creation_timestamp": "2021-04-15T23:01:03.699-07:00",
            "description": "Canonical, Ubuntu, 20.04 LTS Minimal, amd64 focal minimal image built on 2021-04-16, supports Shielded VM features",
            "disk_size_gb": 10,
            "family": "ubuntu-minimal-2004-lts",
            "filter": null,
            "id": "projects/ubuntu-os-cloud/global/images/ubuntu-minimal-2004-focal-v20210416",
            "image_encryption_key_sha256": "",
            "image_id": "6628262287672383216",
            "label_fingerprint": "42WmSpB8rSM=",
            "labels": {},
            "licenses": [
              "https://www.googleapis.com/compute/v1/projects/ubuntu-os-cloud/global/licenses/ubuntu-minimal-2004-lts"
            ],
            "name": "ubuntu-minimal-2004-focal-v20210416",
            "project": "ubuntu-os-cloud",
            "self_link": "https://www.googleapis.com/compute/v1/projects/ubuntu-os-cloud/global/images/ubuntu-minimal-2004-focal-v20210416",
            "source_disk": "",
            "source_disk_encryption_key_sha256": "",
            "source_disk_id": "",
            "source_image_id": "",
            "status": "READY"
          },
          "sensitive_attributes": []
        }
      ]
    },
    {
      "mode": "data",
      "type": "template_file",
      "name": "user_data",
      "provider": "provider[\"registry.terraform.io/hashicorp/template\"]",
      "instances": [
        {
          "schema_version": 0,
          "attributes": {
            "filename": null,
            "id": "4fc089e3075184e449d95203f0d90844ae9c45350f71eedf2d57158300a73c32",
            "rendered": "apt update\napt install -y nginx\nsystemctl start nginx\nsystemct enable nginx\necho \"\u003ch1\u003e Impacta Turma 04 - Infraestrutura as a Code\u003c/h1\u003e\" \u003e /var/www/html/index.nginx-debian.html\n$ gcloud compute instances list\n$ gcloud compute ssh\n",
            "template": "apt update\napt install -y nginx\nsystemctl start nginx\nsystemct enable nginx\necho \"\u003ch1\u003e Impacta Turma 04 - Infraestrutura as a Code\u003c/h1\u003e\" \u003e /var/www/html/index.nginx-debian.html\n$ gcloud compute instances list\n$ gcloud compute ssh\n",
            "vars": null
          },
          "sensitive_attributes": []
        }
      ]
    },
    {
      "mode": "managed",
      "type": "google_compute_firewall",
      "name": "webserver_firewall",
      "provider": "provider[\"registry.terraform.io/hashicorp/google\"]",
      "instances": [
        {
          "schema_version": 1,
          "attributes": {
            "allow": [
              {
                "ports": [
                  "80"
                ],
                "protocol": "tcp"
              }
            ],
            "creation_timestamp": "2021-04-29T13:35:48.118-07:00",
            "deny": [],
            "description": "",
            "destination_ranges": [],
            "direction": "INGRESS",
            "disabled": false,
            "enable_logging": null,
            "id": "projects/diego-impacta-turma4/global/firewalls/webserver-80",
            "log_config": [],
            "name": "webserver-80",
            "network": "https://www.googleapis.com/compute/v1/projects/diego-impacta-turma4/global/networks/default",
            "priority": 1000,
            "project": "diego-impacta-turma4",
            "self_link": "https://www.googleapis.com/compute/v1/projects/diego-impacta-turma4/global/firewalls/webserver-80",
            "source_ranges": [
              "0.0.0.0/0"
            ],
            "source_service_accounts": null,
            "source_tags": null,
            "target_service_accounts": null,
            "target_tags": null,
            "timeouts": null
          },
          "sensitive_attributes": [],
          "private": "eyJlMmJmYjczMC1lY2FhLTExZTYtOGY4OC0zNDM2M2JjN2M0YzAiOnsiY3JlYXRlIjoyNDAwMDAwMDAwMDAsImRlbGV0ZSI6MjQwMDAwMDAwMDAwLCJ1cGRhdGUiOjI0MDAwMDAwMDAwMH0sInNjaGVtYV92ZXJzaW9uIjoiMSJ9"
        }
      ]
    },
    {
      "mode": "managed",
      "type": "google_compute_instance",
      "name": "webserver_instance",
      "provider": "provider[\"registry.terraform.io/hashicorp/google\"]",
      "instances": [
        {
          "schema_version": 6,
          "attributes": {
            "allow_stopping_for_update": null,
            "attached_disk": [],
            "boot_disk": [
              {
                "auto_delete": true,
                "device_name": "persistent-disk-0",
                "disk_encryption_key_raw": "",
                "disk_encryption_key_sha256": "",
                "initialize_params": [
                  {
                    "image": "https://www.googleapis.com/compute/v1/projects/ubuntu-os-cloud/global/images/ubuntu-minimal-2004-focal-v20210416",
                    "labels": {},
                    "size": 10,
                    "type": "pd-standard"
                  }
                ],
                "kms_key_self_link": "",
                "mode": "READ_WRITE",
                "source": "https://www.googleapis.com/compute/v1/projects/diego-impacta-turma4/zones/us-central1-a/disks/webserver-server"
              }
            ],
            "can_ip_forward": false,
            "confidential_instance_config": [],
            "cpu_platform": "AMD Rome",
            "current_status": "RUNNING",
            "deletion_protection": false,
            "description": "",
            "desired_status": null,
            "enable_display": false,
            "guest_accelerator": [],
            "hostname": "webserver.impacta.com.br",
            "id": "projects/diego-impacta-turma4/zones/us-central1-a/instances/webserver-server",
            "instance_id": "1391255586718787146",
            "label_fingerprint": "0OMfs-n56IM=",
            "labels": {
              "name": "webserver-server",
              "project": "webserver"
            },
            "machine_type": "e2-medium",
            "metadata": null,
            "metadata_fingerprint": "3YtF3ClpD0M=",
            "metadata_startup_script": "apt update\napt install -y nginx\nsystemctl start nginx\nsystemct enable nginx\necho \"\u003ch1\u003e Impacta Turma 04 - Infraestrutura as a Code\u003c/h1\u003e\" \u003e /var/www/html/index.nginx-debian.html\n$ gcloud compute instances list\n$ gcloud compute ssh\n",
            "min_cpu_platform": "",
            "name": "webserver-server",
            "network_interface": [
              {
                "access_config": [
                  {
                    "nat_ip": "35.238.231.68",
                    "network_tier": "PREMIUM",
                    "public_ptr_domain_name": ""
                  }
                ],
                "alias_ip_range": [],
                "name": "nic0",
                "network": "https://www.googleapis.com/compute/v1/projects/diego-impacta-turma4/global/networks/default",
                "network_ip": "10.128.0.2",
                "nic_type": "",
                "subnetwork": "https://www.googleapis.com/compute/v1/projects/diego-impacta-turma4/regions/us-central1/subnetworks/default",
                "subnetwork_project": "diego-impacta-turma4"
              }
            ],
            "project": "diego-impacta-turma4",
            "resource_policies": null,
            "scheduling": [
              {
                "automatic_restart": true,
                "min_node_cpus": 0,
                "node_affinities": [],
                "on_host_maintenance": "MIGRATE",
                "preemptible": false
              }
            ],
            "scratch_disk": [],
            "self_link": "https://www.googleapis.com/compute/v1/projects/diego-impacta-turma4/zones/us-central1-a/instances/webserver-server",
            "service_account": [],
            "shielded_instance_config": [
              {
                "enable_integrity_monitoring": true,
                "enable_secure_boot": false,
                "enable_vtpm": true
              }
            ],
            "tags": null,
            "tags_fingerprint": "42WmSpB8rSM=",
            "timeouts": null,
            "zone": "us-central1-a"
          },
          "sensitive_attributes": [],
          "private": "eyJlMmJmYjczMC1lY2FhLTExZTYtOGY4OC0zNDM2M2JjN2M0YzAiOnsiY3JlYXRlIjoxMjAwMDAwMDAwMDAwLCJkZWxldGUiOjEyMDAwMDAwMDAwMDAsInVwZGF0ZSI6MTIwMDAwMDAwMDAwMH0sInNjaGVtYV92ZXJzaW9uIjoiNiJ9",
          "dependencies": [
            "data.google_compute_image.webserver_image",
            "data.template_file.user_data"
          ]
        }
      ]
    }
  ]
}
